
Microsoft Visual Studio Solution File, Format Version 12.00
# Visual Studio Version 17
VisualStudioVersion = 17.9.34723.18
MinimumVisualStudioVersion = 10.0.40219.1
Project("{888888A0-9F3D-457C-B088-3A5042F75D52}") = "P_In_List_MaHoa", "P_In_List_MaHoa.pyproj", "{EDDA8562-9A17-4E4D-907D-76A9179FDAB7}"
EndProject
Global
	GlobalSection(SolutionConfigurationPlatforms) = preSolution
		Debug|Any CPU = Debug|Any CPU
		Release|Any CPU = Release|Any CPU
	EndGlobalSection
	GlobalSection(ProjectConfigurationPlatforms) = postSolution
		{EDDA8562-9A17-4E4D-907D-76A9179FDAB7}.Debug|Any CPU.ActiveCfg = Debug|Any CPU
		{EDDA8562-9A17-4E4D-907D-76A9179FDAB7}.Release|Any CPU.ActiveCfg = Release|Any CPU
	EndGlobalSection
	GlobalSection(SolutionProperties) = preSolution
		HideSolutionNode = FALSE
	EndGlobalSection
	GlobalSection(ExtensibilityGlobals) = postSolution
		SolutionGuid = {4196345F-5BE4-4CBC-B9B0-311798FF9F03}
	EndGlobalSection
EndGlobal
